# THIS IS AN AUTOGENERATED FILE. DO NOT EDIT THIS FILE DIRECTLY.
# yarn lockfile v1


bh1750@0.0.3:
  version "0.0.3"
  resolved "https://registry.yarnpkg.com/bh1750/-/bh1750-0.0.3.tgz#72eefe597053f93cb28d2c0a0d218f57035fe453"
  dependencies:
    i2c "~0.2.1"
    lodash "2.4.1"

bindings@1.2.1:
  version "1.2.1"
  resolved "https://registry.yarnpkg.com/bindings/-/bindings-1.2.1.tgz#14ad6113812d2d37d72e67b4cacb4bb726505f11"

bmp085@0.5.1:
  version "0.5.1"
  resolved "https://registry.yarnpkg.com/bmp085/-/bmp085-0.5.1.tgz#d9a51f7fc7a93dcb2fcdb2b8143923f65c064618"
  dependencies:
    i2c "0.2.3"
    underscore "~1.5.2"

coffee-script@1.9.1:
  version "1.9.1"
  resolved "https://registry.yarnpkg.com/coffee-script/-/coffee-script-1.9.1.tgz#c458d02200f460d064a79cb6ab1ee6e2c9ca1c31"

generic-sensors-lite@0.0.1:
  version "0.0.1"
  resolved "https://registry.yarnpkg.com/generic-sensors-lite/-/generic-sensors-lite-0.0.1.tgz#738d30c5ab649faad34aafba7f9574e82010309c"
  dependencies:
    bh1750 "0.0.3"
    bmp085 "0.5.1"

i2c@0.2.3, i2c@~0.2.1:
  version "0.2.3"
  resolved "https://registry.yarnpkg.com/i2c/-/i2c-0.2.3.tgz#f43f7028141026ae48af2990a374633d1dab3d2b"
  dependencies:
    bindings "1.2.1"
    coffee-script "1.9.1"
    nan "~2.3.5"
    repl "0.1.3"
    underscore "1.8.2"

lodash@2.4.1:
  version "2.4.1"
  resolved "https://registry.yarnpkg.com/lodash/-/lodash-2.4.1.tgz#5b7723034dda4d262e5a46fb2c58d7cc22f71420"

nan@~2.3.5:
  version "2.3.5"
  resolved "https://registry.yarnpkg.com/nan/-/nan-2.3.5.tgz#822a0dc266290ce4cd3a12282ca3e7e364668a08"

repl@0.1.3:
  version "0.1.3"
  resolved "https://registry.yarnpkg.com/repl/-/repl-0.1.3.tgz#2f05d42b0c88b43d05ccbda10ed14aeff5699b60"

underscore@1.8.2:
  version "1.8.2"
  resolved "https://registry.yarnpkg.com/underscore/-/underscore-1.8.2.tgz#64df2eb590899de950782f3735190ba42ebf311d"

underscore@~1.5.2:
  version "1.5.2"
  resolved "https://registry.yarnpkg.com/underscore/-/underscore-1.5.2.tgz#1335c5e4f5e6d33bbb4b006ba8c86a00f556de08"
